
Microsoft Visual Studio Solution File, Format Version 12.00
# Visual Studio 14
VisualStudioVersion = 14.0.25420.1
MinimumVisualStudioVersion = 10.0.40219.1
Project("{FAE04EC0-301F-11D3-BF4B-00C04F79EFBC}") = "P05_MisAmigosAzureMobile.Droid", "P05-MisAmigosAzureMobile\P05_MisAmigosAzureMobile.Droid\P05_MisAmigosAzureMobile.Droid.csproj", "{E6426F76-16D0-41B8-AB2D-8B9C6AC04A48}"
EndProject
Project("{FAE04EC0-301F-11D3-BF4B-00C04F79EFBC}") = "P05_MisAmigosAzureMobile.iOS", "P05-MisAmigosAzureMobile\P05_MisAmigosAzureMobile.iOS\P05_MisAmigosAzureMobile.iOS.csproj", "{CC9DDDAB-0B8E-4559-96A6-E897C1304BAB}"
EndProject
Project("{FAE04EC0-301F-11D3-BF4B-00C04F79EFBC}") = "P05_MisAmigosAzureMobile.WinPhone", "P05-MisAmigosAzureMobile\P05_MisAmigosAzureMobile.WinPhone\P05_MisAmigosAzureMobile.WinPhone.csproj", "{2871CA6F-673C-4DF6-85D2-5ECB0AC94C08}"
EndProject
Project("{FAE04EC0-301F-11D3-BF4B-00C04F79EFBC}") = "P05_MisAmigosAzureMobile.UWP", "P05-MisAmigosAzureMobile\P05_MisAmigosAzureMobile.UWP\P05_MisAmigosAzureMobile.UWP.csproj", "{DBBD2AF1-0834-4E71-851D-22D9BDCD102E}"
EndProject
Project("{FAE04EC0-301F-11D3-BF4B-00C04F79EFBC}") = "P05_MisAmigosAzureMobile.Windows", "P05-MisAmigosAzureMobile\P05_MisAmigosAzureMobile.Windows\P05_MisAmigosAzureMobile.Windows.csproj", "{635F29C0-6300-42E3-9748-09D74809CEA0}"
EndProject
Project("{D954291E-2A0B-460D-934E-DC6B0785DB48}") = "P05_MisAmigosAzureMobile", "P05-MisAmigosAzureMobile\P05_MisAmigosAzureMobile\P05_MisAmigosAzureMobile.shproj", "{02B989A4-7094-47C4-A391-2F196CD0730C}"
EndProject
Global
	GlobalSection(SharedMSBuildProjectFiles) = preSolution
		P05-MisAmigosAzureMobile\P05_MisAmigosAzureMobile\P05_MisAmigosAzureMobile.projitems*{02b989a4-7094-47c4-a391-2f196cd0730c}*SharedItemsImports = 13
	EndGlobalSection
	GlobalSection(SolutionConfigurationPlatforms) = preSolution
		Ad-Hoc|Any CPU = Ad-Hoc|Any CPU
		Ad-Hoc|ARM = Ad-Hoc|ARM
		Ad-Hoc|iPhone = Ad-Hoc|iPhone
		Ad-Hoc|iPhoneSimulator = Ad-Hoc|iPhoneSimulator
		Ad-Hoc|x64 = Ad-Hoc|x64
		Ad-Hoc|x86 = Ad-Hoc|x86
		AppStore|Any CPU = AppStore|Any CPU
		AppStore|ARM = AppStore|ARM
		AppStore|iPhone = AppStore|iPhone
		AppStore|iPhoneSimulator = AppStore|iPhoneSimulator
		AppStore|x64 = AppStore|x64
		AppStore|x86 = AppStore|x86
		Debug|Any CPU = Debug|Any CPU
		Debug|ARM = Debug|ARM
		Debug|iPhone = Debug|iPhone
		Debug|iPhoneSimulator = Debug|iPhoneSimulator
		Debug|x64 = Debug|x64
		Debug|x86 = Debug|x86
		Release|Any CPU = Release|Any CPU
		Release|ARM = Release|ARM
		Release|iPhone = Release|iPhone
		Release|iPhoneSimulator = Release|iPhoneSimulator
		Release|x64 = Release|x64
		Release|x86 = Release|x86
	EndGlobalSection
	GlobalSection(ProjectConfigurationPlatforms) = postSolution
		{E6426F76-16D0-41B8-AB2D-8B9C6AC04A48}.Ad-Hoc|Any CPU.ActiveCfg = Release|Any CPU
		{E6426F76-16D0-41B8-AB2D-8B9C6AC04A48}.Ad-Hoc|Any CPU.Build.0 = Release|Any CPU
		{E6426F76-16D0-41B8-AB2D-8B9C6AC04A48}.Ad-Hoc|Any CPU.Deploy.0 = Release|Any CPU
		{E6426F76-16D0-41B8-AB2D-8B9C6AC04A48}.Ad-Hoc|ARM.ActiveCfg = Release|Any CPU
		{E6426F76-16D0-41B8-AB2D-8B9C6AC04A48}.Ad-Hoc|ARM.Build.0 = Release|Any CPU
		{E6426F76-16D0-41B8-AB2D-8B9C6AC04A48}.Ad-Hoc|ARM.Deploy.0 = Release|Any CPU
		{E6426F76-16D0-41B8-AB2D-8B9C6AC04A48}.Ad-Hoc|iPhone.ActiveCfg = Release|Any CPU
		{E6426F76-16D0-41B8-AB2D-8B9C6AC04A48}.Ad-Hoc|iPhone.Build.0 = Release|Any CPU
		{E6426F76-16D0-41B8-AB2D-8B9C6AC04A48}.Ad-Hoc|iPhone.Deploy.0 = Release|Any CPU
		{E6426F76-16D0-41B8-AB2D-8B9C6AC04A48}.Ad-Hoc|iPhoneSimulator.ActiveCfg = Release|Any CPU
		{E6426F76-16D0-41B8-AB2D-8B9C6AC04A48}.Ad-Hoc|iPhoneSimulator.Build.0 = Release|Any CPU
		{E6426F76-16D0-41B8-AB2D-8B9C6AC04A48}.Ad-Hoc|iPhoneSimulator.Deploy.0 = Release|Any CPU
		{E6426F76-16D0-41B8-AB2D-8B9C6AC04A48}.Ad-Hoc|x64.ActiveCfg = Release|Any CPU
		{E6426F76-16D0-41B8-AB2D-8B9C6AC04A48}.Ad-Hoc|x64.Build.0 = Release|Any CPU
		{E6426F76-16D0-41B8-AB2D-8B9C6AC04A48}.Ad-Hoc|x64.Deploy.0 = Release|Any CPU
		{E6426F76-16D0-41B8-AB2D-8B9C6AC04A48}.Ad-Hoc|x86.ActiveCfg = Release|Any CPU
		{E6426F76-16D0-41B8-AB2D-8B9C6AC04A48}.Ad-Hoc|x86.Build.0 = Release|Any CPU
		{E6426F76-16D0-41B8-AB2D-8B9C6AC04A48}.Ad-Hoc|x86.Deploy.0 = Release|Any CPU
		{E6426F76-16D0-41B8-AB2D-8B9C6AC04A48}.AppStore|Any CPU.ActiveCfg = Release|Any CPU
		{E6426F76-16D0-41B8-AB2D-8B9C6AC04A48}.AppStore|Any CPU.Build.0 = Release|Any CPU
		{E6426F76-16D0-41B8-AB2D-8B9C6AC04A48}.AppStore|Any CPU.Deploy.0 = Release|Any CPU
		{E6426F76-16D0-41B8-AB2D-8B9C6AC04A48}.AppStore|ARM.ActiveCfg = Release|Any CPU
		{E6426F76-16D0-41B8-AB2D-8B9C6AC04A48}.AppStore|ARM.Build.0 = Release|Any CPU
		{E6426F76-16D0-41B8-AB2D-8B9C6AC04A48}.AppStore|ARM.Deploy.0 = Release|Any CPU
		{E6426F76-16D0-41B8-AB2D-8B9C6AC04A48}.AppStore|iPhone.ActiveCfg = Release|Any CPU
		{E6426F76-16D0-41B8-AB2D-8B9C6AC04A48}.AppStore|iPhone.Build.0 = Release|Any CPU
		{E6426F76-16D0-41B8-AB2D-8B9C6AC04A48}.AppStore|iPhone.Deploy.0 = Release|Any CPU
		{E6426F76-16D0-41B8-AB2D-8B9C6AC04A48}.AppStore|iPhoneSimulator.ActiveCfg = Release|Any CPU
		{E6426F76-16D0-41B8-AB2D-8B9C6AC04A48}.AppStore|iPhoneSimulator.Build.0 = Release|Any CPU
		{E6426F76-16D0-41B8-AB2D-8B9C6AC04A48}.AppStore|iPhoneSimulator.Deploy.0 = Release|Any CPU
		{E6426F76-16D0-41B8-AB2D-8B9C6AC04A48}.AppStore|x64.ActiveCfg = Release|Any CPU
		{E6426F76-16D0-41B8-AB2D-8B9C6AC04A48}.AppStore|x64.Build.0 = Release|Any CPU
		{E6426F76-16D0-41B8-AB2D-8B9C6AC04A48}.AppStore|x64.Deploy.0 = Release|Any CPU
		{E6426F76-16D0-41B8-AB2D-8B9C6AC04A48}.AppStore|x86.ActiveCfg = Release|Any CPU
		{E6426F76-16D0-41B8-AB2D-8B9C6AC04A48}.AppStore|x86.Build.0 = Release|Any CPU
		{E6426F76-16D0-41B8-AB2D-8B9C6AC04A48}.AppStore|x86.Deploy.0 = Release|Any CPU
		{E6426F76-16D0-41B8-AB2D-8B9C6AC04A48}.Debug|Any CPU.ActiveCfg = Debug|Any CPU
		{E6426F76-16D0-41B8-AB2D-8B9C6AC04A48}.Debug|Any CPU.Build.0 = Debug|Any CPU
		{E6426F76-16D0-41B8-AB2D-8B9C6AC04A48}.Debug|Any CPU.Deploy.0 = Debug|Any CPU
		{E6426F76-16D0-41B8-AB2D-8B9C6AC04A48}.Debug|ARM.ActiveCfg = Debug|Any CPU
		{E6426F76-16D0-41B8-AB2D-8B9C6AC04A48}.Debug|ARM.Build.0 = Debug|Any CPU
		{E6426F76-16D0-41B8-AB2D-8B9C6AC04A48}.Debug|ARM.Deploy.0 = Debug|Any CPU
		{E6426F76-16D0-41B8-AB2D-8B9C6AC04A48}.Debug|iPhone.ActiveCfg = Debug|Any CPU
		{E6426F76-16D0-41B8-AB2D-8B9C6AC04A48}.Debug|iPhone.Build.0 = Debug|Any CPU
		{E6426F76-16D0-41B8-AB2D-8B9C6AC04A48}.Debug|iPhone.Deploy.0 = Debug|Any CPU
		{E6426F76-16D0-41B8-AB2D-8B9C6AC04A48}.Debug|iPhoneSimulator.ActiveCfg = Debug|Any CPU
		{E6426F76-16D0-41B8-AB2D-8B9C6AC04A48}.Debug|iPhoneSimulator.Build.0 = Debug|Any CPU
		{E6426F76-16D0-41B8-AB2D-8B9C6AC04A48}.Debug|iPhoneSimulator.Deploy.0 = Debug|Any CPU
		{E6426F76-16D0-41B8-AB2D-8B9C6AC04A48}.Debug|x64.ActiveCfg = Debug|Any CPU
		{E6426F76-16D0-41B8-AB2D-8B9C6AC04A48}.Debug|x64.Build.0 = Debug|Any CPU
		{E6426F76-16D0-41B8-AB2D-8B9C6AC04A48}.Debug|x64.Deploy.0 = Debug|Any CPU
		{E6426F76-16D0-41B8-AB2D-8B9C6AC04A48}.Debug|x86.ActiveCfg = Debug|Any CPU
		{E6426F76-16D0-41B8-AB2D-8B9C6AC04A48}.Debug|x86.Build.0 = Debug|Any CPU
		{E6426F76-16D0-41B8-AB2D-8B9C6AC04A48}.Debug|x86.Deploy.0 = Debug|Any CPU
		{E6426F76-16D0-41B8-AB2D-8B9C6AC04A48}.Release|Any CPU.ActiveCfg = Release|Any CPU
		{E6426F76-16D0-41B8-AB2D-8B9C6AC04A48}.Release|Any CPU.Build.0 = Release|Any CPU
		{E6426F76-16D0-41B8-AB2D-8B9C6AC04A48}.Release|Any CPU.Deploy.0 = Release|Any CPU
		{E6426F76-16D0-41B8-AB2D-8B9C6AC04A48}.Release|ARM.ActiveCfg = Release|Any CPU
		{E6426F76-16D0-41B8-AB2D-8B9C6AC04A48}.Release|ARM.Build.0 = Release|Any CPU
		{E6426F76-16D0-41B8-AB2D-8B9C6AC04A48}.Release|ARM.Deploy.0 = Release|Any CPU
		{E6426F76-16D0-41B8-AB2D-8B9C6AC04A48}.Release|iPhone.ActiveCfg = Release|Any CPU
		{E6426F76-16D0-41B8-AB2D-8B9C6AC04A48}.Release|iPhone.Build.0 = Release|Any CPU
		{E6426F76-16D0-41B8-AB2D-8B9C6AC04A48}.Release|iPhone.Deploy.0 = Release|Any CPU
		{E6426F76-16D0-41B8-AB2D-8B9C6AC04A48}.Release|iPhoneSimulator.ActiveCfg = Release|Any CPU
		{E6426F76-16D0-41B8-AB2D-8B9C6AC04A48}.Release|iPhoneSimulator.Build.0 = Release|Any CPU
		{E6426F76-16D0-41B8-AB2D-8B9C6AC04A48}.Release|iPhoneSimulator.Deploy.0 = Release|Any CPU
		{E6426F76-16D0-41B8-AB2D-8B9C6AC04A48}.Release|x64.ActiveCfg = Release|Any CPU
		{E6426F76-16D0-41B8-AB2D-8B9C6AC04A48}.Release|x64.Build.0 = Release|Any CPU
		{E6426F76-16D0-41B8-AB2D-8B9C6AC04A48}.Release|x64.Deploy.0 = Release|Any CPU
		{E6426F76-16D0-41B8-AB2D-8B9C6AC04A48}.Release|x86.ActiveCfg = Release|Any CPU
		{E6426F76-16D0-41B8-AB2D-8B9C6AC04A48}.Release|x86.Build.0 = Release|Any CPU
		{E6426F76-16D0-41B8-AB2D-8B9C6AC04A48}.Release|x86.Deploy.0 = Release|Any CPU
		{CC9DDDAB-0B8E-4559-96A6-E897C1304BAB}.Ad-Hoc|Any CPU.ActiveCfg = Ad-Hoc|iPhone
		{CC9DDDAB-0B8E-4559-96A6-E897C1304BAB}.Ad-Hoc|ARM.ActiveCfg = Ad-Hoc|iPhone
		{CC9DDDAB-0B8E-4559-96A6-E897C1304BAB}.Ad-Hoc|iPhone.ActiveCfg = Ad-Hoc|iPhone
		{CC9DDDAB-0B8E-4559-96A6-E897C1304BAB}.Ad-Hoc|iPhone.Build.0 = Ad-Hoc|iPhone
		{CC9DDDAB-0B8E-4559-96A6-E897C1304BAB}.Ad-Hoc|iPhoneSimulator.ActiveCfg = Ad-Hoc|iPhoneSimulator
		{CC9DDDAB-0B8E-4559-96A6-E897C1304BAB}.Ad-Hoc|iPhoneSimulator.Build.0 = Ad-Hoc|iPhoneSimulator
		{CC9DDDAB-0B8E-4559-96A6-E897C1304BAB}.Ad-Hoc|x64.ActiveCfg = Ad-Hoc|iPhone
		{CC9DDDAB-0B8E-4559-96A6-E897C1304BAB}.Ad-Hoc|x86.ActiveCfg = Ad-Hoc|iPhone
		{CC9DDDAB-0B8E-4559-96A6-E897C1304BAB}.AppStore|Any CPU.ActiveCfg = AppStore|iPhone
		{CC9DDDAB-0B8E-4559-96A6-E897C1304BAB}.AppStore|ARM.ActiveCfg = AppStore|iPhone
		{CC9DDDAB-0B8E-4559-96A6-E897C1304BAB}.AppStore|iPhone.ActiveCfg = AppStore|iPhone
		{CC9DDDAB-0B8E-4559-96A6-E897C1304BAB}.AppStore|iPhone.Build.0 = AppStore|iPhone
		{CC9DDDAB-0B8E-4559-96A6-E897C1304BAB}.AppStore|iPhoneSimulator.ActiveCfg = AppStore|iPhoneSimulator
		{CC9DDDAB-0B8E-4559-96A6-E897C1304BAB}.AppStore|iPhoneSimulator.Build.0 = AppStore|iPhoneSimulator
		{CC9DDDAB-0B8E-4559-96A6-E897C1304BAB}.AppStore|x64.ActiveCfg = AppStore|iPhone
		{CC9DDDAB-0B8E-4559-96A6-E897C1304BAB}.AppStore|x86.ActiveCfg = AppStore|iPhone
		{CC9DDDAB-0B8E-4559-96A6-E897C1304BAB}.Debug|Any CPU.ActiveCfg = Debug|iPhone
		{CC9DDDAB-0B8E-4559-96A6-E897C1304BAB}.Debug|ARM.ActiveCfg = Debug|iPhone
		{CC9DDDAB-0B8E-4559-96A6-E897C1304BAB}.Debug|iPhone.ActiveCfg = Debug|iPhone
		{CC9DDDAB-0B8E-4559-96A6-E897C1304BAB}.Debug|iPhone.Build.0 = Debug|iPhone
		{CC9DDDAB-0B8E-4559-96A6-E897C1304BAB}.Debug|iPhoneSimulator.ActiveCfg = Debug|iPhoneSimulator
		{CC9DDDAB-0B8E-4559-96A6-E897C1304BAB}.Debug|iPhoneSimulator.Build.0 = Debug|iPhoneSimulator
		{CC9DDDAB-0B8E-4559-96A6-E897C1304BAB}.Debug|x64.ActiveCfg = Debug|iPhone
		{CC9DDDAB-0B8E-4559-96A6-E897C1304BAB}.Debug|x86.ActiveCfg = Debug|iPhone
		{CC9DDDAB-0B8E-4559-96A6-E897C1304BAB}.Release|Any CPU.ActiveCfg = Release|iPhone
		{CC9DDDAB-0B8E-4559-96A6-E897C1304BAB}.Release|ARM.ActiveCfg = Release|iPhone
		{CC9DDDAB-0B8E-4559-96A6-E897C1304BAB}.Release|iPhone.ActiveCfg = Release|iPhone
		{CC9DDDAB-0B8E-4559-96A6-E897C1304BAB}.Release|iPhone.Build.0 = Release|iPhone
		{CC9DDDAB-0B8E-4559-96A6-E897C1304BAB}.Release|iPhoneSimulator.ActiveCfg = Release|iPhoneSimulator
		{CC9DDDAB-0B8E-4559-96A6-E897C1304BAB}.Release|iPhoneSimulator.Build.0 = Release|iPhoneSimulator
		{CC9DDDAB-0B8E-4559-96A6-E897C1304BAB}.Release|x64.ActiveCfg = Release|iPhone
		{CC9DDDAB-0B8E-4559-96A6-E897C1304BAB}.Release|x86.ActiveCfg = Release|iPhone
		{2871CA6F-673C-4DF6-85D2-5ECB0AC94C08}.Ad-Hoc|Any CPU.ActiveCfg = Release|Any CPU
		{2871CA6F-673C-4DF6-85D2-5ECB0AC94C08}.Ad-Hoc|Any CPU.Build.0 = Release|Any CPU
		{2871CA6F-673C-4DF6-85D2-5ECB0AC94C08}.Ad-Hoc|Any CPU.Deploy.0 = Release|Any CPU
		{2871CA6F-673C-4DF6-85D2-5ECB0AC94C08}.Ad-Hoc|ARM.ActiveCfg = Release|ARM
		{2871CA6F-673C-4DF6-85D2-5ECB0AC94C08}.Ad-Hoc|ARM.Build.0 = Release|ARM
		{2871CA6F-673C-4DF6-85D2-5ECB0AC94C08}.Ad-Hoc|ARM.Deploy.0 = Release|ARM
		{2871CA6F-673C-4DF6-85D2-5ECB0AC94C08}.Ad-Hoc|iPhone.ActiveCfg = Release|Any CPU
		{2871CA6F-673C-4DF6-85D2-5ECB0AC94C08}.Ad-Hoc|iPhone.Build.0 = Release|Any CPU
		{2871CA6F-673C-4DF6-85D2-5ECB0AC94C08}.Ad-Hoc|iPhone.Deploy.0 = Release|Any CPU
		{2871CA6F-673C-4DF6-85D2-5ECB0AC94C08}.Ad-Hoc|iPhoneSimulator.ActiveCfg = Release|Any CPU
		{2871CA6F-673C-4DF6-85D2-5ECB0AC94C08}.Ad-Hoc|iPhoneSimulator.Build.0 = Release|Any CPU
		{2871CA6F-673C-4DF6-85D2-5ECB0AC94C08}.Ad-Hoc|iPhoneSimulator.Deploy.0 = Release|Any CPU
		{2871CA6F-673C-4DF6-85D2-5ECB0AC94C08}.Ad-Hoc|x64.ActiveCfg = Release|Any CPU
		{2871CA6F-673C-4DF6-85D2-5ECB0AC94C08}.Ad-Hoc|x64.Build.0 = Release|Any CPU
		{2871CA6F-673C-4DF6-85D2-5ECB0AC94C08}.Ad-Hoc|x64.Deploy.0 = Release|Any CPU
		{2871CA6F-673C-4DF6-85D2-5ECB0AC94C08}.Ad-Hoc|x86.ActiveCfg = Release|x86
		{2871CA6F-673C-4DF6-85D2-5ECB0AC94C08}.Ad-Hoc|x86.Build.0 = Release|x86
		{2871CA6F-673C-4DF6-85D2-5ECB0AC94C08}.Ad-Hoc|x86.Deploy.0 = Release|x86
		{2871CA6F-673C-4DF6-85D2-5ECB0AC94C08}.AppStore|Any CPU.ActiveCfg = Release|Any CPU
		{2871CA6F-673C-4DF6-85D2-5ECB0AC94C08}.AppStore|Any CPU.Build.0 = Release|Any CPU
		{2871CA6F-673C-4DF6-85D2-5ECB0AC94C08}.AppStore|Any CPU.Deploy.0 = Release|Any CPU
		{2871CA6F-673C-4DF6-85D2-5ECB0AC94C08}.AppStore|ARM.ActiveCfg = Release|ARM
		{2871CA6F-673C-4DF6-85D2-5ECB0AC94C08}.AppStore|ARM.Build.0 = Release|ARM
		{2871CA6F-673C-4DF6-85D2-5ECB0AC94C08}.AppStore|ARM.Deploy.0 = Release|ARM
		{2871CA6F-673C-4DF6-85D2-5ECB0AC94C08}.AppStore|iPhone.ActiveCfg = Release|Any CPU
		{2871CA6F-673C-4DF6-85D2-5ECB0AC94C08}.AppStore|iPhone.Build.0 = Release|Any CPU
		{2871CA6F-673C-4DF6-85D2-5ECB0AC94C08}.AppStore|iPhone.Deploy.0 = Release|Any CPU
		{2871CA6F-673C-4DF6-85D2-5ECB0AC94C08}.AppStore|iPhoneSimulator.ActiveCfg = Release|Any CPU
		{2871CA6F-673C-4DF6-85D2-5ECB0AC94C08}.AppStore|iPhoneSimulator.Build.0 = Release|Any CPU
		{2871CA6F-673C-4DF6-85D2-5ECB0AC94C08}.AppStore|iPhoneSimulator.Deploy.0 = Release|Any CPU
		{2871CA6F-673C-4DF6-85D2-5ECB0AC94C08}.AppStore|x64.ActiveCfg = Release|Any CPU
		{2871CA6F-673C-4DF6-85D2-5ECB0AC94C08}.AppStore|x64.Build.0 = Release|Any CPU
		{2871CA6F-673C-4DF6-85D2-5ECB0AC94C08}.AppStore|x64.Deploy.0 = Release|Any CPU
		{2871CA6F-673C-4DF6-85D2-5ECB0AC94C08}.AppStore|x86.ActiveCfg = Release|x86
		{2871CA6F-673C-4DF6-85D2-5ECB0AC94C08}.AppStore|x86.Build.0 = Release|x86
		{2871CA6F-673C-4DF6-85D2-5ECB0AC94C08}.AppStore|x86.Deploy.0 = Release|x86
		{2871CA6F-673C-4DF6-85D2-5ECB0AC94C08}.Debug|Any CPU.ActiveCfg = Debug|Any CPU
		{2871CA6F-673C-4DF6-85D2-5ECB0AC94C08}.Debug|Any CPU.Build.0 = Debug|Any CPU
		{2871CA6F-673C-4DF6-85D2-5ECB0AC94C08}.Debug|Any CPU.Deploy.0 = Debug|Any CPU
		{2871CA6F-673C-4DF6-85D2-5ECB0AC94C08}.Debug|ARM.ActiveCfg = Debug|ARM
		{2871CA6F-673C-4DF6-85D2-5ECB0AC94C08}.Debug|ARM.Build.0 = Debug|ARM
		{2871CA6F-673C-4DF6-85D2-5ECB0AC94C08}.Debug|ARM.Deploy.0 = Debug|ARM
		{2871CA6F-673C-4DF6-85D2-5ECB0AC94C08}.Debug|iPhone.ActiveCfg = Debug|Any CPU
		{2871CA6F-673C-4DF6-85D2-5ECB0AC94C08}.Debug|iPhone.Build.0 = Debug|Any CPU
		{2871CA6F-673C-4DF6-85D2-5ECB0AC94C08}.Debug|iPhone.Deploy.0 = Debug|Any CPU
		{2871CA6F-673C-4DF6-85D2-5ECB0AC94C08}.Debug|iPhoneSimulator.ActiveCfg = Debug|Any CPU
		{2871CA6F-673C-4DF6-85D2-5ECB0AC94C08}.Debug|iPhoneSimulator.Build.0 = Debug|Any CPU
		{2871CA6F-673C-4DF6-85D2-5ECB0AC94C08}.Debug|iPhoneSimulator.Deploy.0 = Debug|Any CPU
		{2871CA6F-673C-4DF6-85D2-5ECB0AC94C08}.Debug|x64.ActiveCfg = Debug|Any CPU
		{2871CA6F-673C-4DF6-85D2-5ECB0AC94C08}.Debug|x64.Build.0 = Debug|Any CPU
		{2871CA6F-673C-4DF6-85D2-5ECB0AC94C08}.Debug|x64.Deploy.0 = Debug|Any CPU
		{2871CA6F-673C-4DF6-85D2-5ECB0AC94C08}.Debug|x86.ActiveCfg = Debug|x86
		{2871CA6F-673C-4DF6-85D2-5ECB0AC94C08}.Debug|x86.Build.0 = Debug|x86
		{2871CA6F-673C-4DF6-85D2-5ECB0AC94C08}.Debug|x86.Deploy.0 = Debug|x86
		{2871CA6F-673C-4DF6-85D2-5ECB0AC94C08}.Release|Any CPU.ActiveCfg = Release|Any CPU
		{2871CA6F-673C-4DF6-85D2-5ECB0AC94C08}.Release|Any CPU.Build.0 = Release|Any CPU
		{2871CA6F-673C-4DF6-85D2-5ECB0AC94C08}.Release|Any CPU.Deploy.0 = Release|Any CPU
		{2871CA6F-673C-4DF6-85D2-5ECB0AC94C08}.Release|ARM.ActiveCfg = Release|ARM
		{2871CA6F-673C-4DF6-85D2-5ECB0AC94C08}.Release|ARM.Build.0 = Release|ARM
		{2871CA6F-673C-4DF6-85D2-5ECB0AC94C08}.Release|ARM.Deploy.0 = Release|ARM
		{2871CA6F-673C-4DF6-85D2-5ECB0AC94C08}.Release|iPhone.ActiveCfg = Release|Any CPU
		{2871CA6F-673C-4DF6-85D2-5ECB0AC94C08}.Release|iPhone.Build.0 = Release|Any CPU
		{2871CA6F-673C-4DF6-85D2-5ECB0AC94C08}.Release|iPhone.Deploy.0 = Release|Any CPU
		{2871CA6F-673C-4DF6-85D2-5ECB0AC94C08}.Release|iPhoneSimulator.ActiveCfg = Release|Any CPU
		{2871CA6F-673C-4DF6-85D2-5ECB0AC94C08}.Release|iPhoneSimulator.Build.0 = Release|Any CPU
		{2871CA6F-673C-4DF6-85D2-5ECB0AC94C08}.Release|iPhoneSimulator.Deploy.0 = Release|Any CPU
		{2871CA6F-673C-4DF6-85D2-5ECB0AC94C08}.Release|x64.ActiveCfg = Release|Any CPU
		{2871CA6F-673C-4DF6-85D2-5ECB0AC94C08}.Release|x64.Build.0 = Release|Any CPU
		{2871CA6F-673C-4DF6-85D2-5ECB0AC94C08}.Release|x64.Deploy.0 = Release|Any CPU
		{2871CA6F-673C-4DF6-85D2-5ECB0AC94C08}.Release|x86.ActiveCfg = Release|x86
		{2871CA6F-673C-4DF6-85D2-5ECB0AC94C08}.Release|x86.Build.0 = Release|x86
		{2871CA6F-673C-4DF6-85D2-5ECB0AC94C08}.Release|x86.Deploy.0 = Release|x86
		{DBBD2AF1-0834-4E71-851D-22D9BDCD102E}.Ad-Hoc|Any CPU.ActiveCfg = Release|x86
		{DBBD2AF1-0834-4E71-851D-22D9BDCD102E}.Ad-Hoc|Any CPU.Build.0 = Release|x86
		{DBBD2AF1-0834-4E71-851D-22D9BDCD102E}.Ad-Hoc|Any CPU.Deploy.0 = Release|x86
		{DBBD2AF1-0834-4E71-851D-22D9BDCD102E}.Ad-Hoc|ARM.ActiveCfg = Release|ARM
		{DBBD2AF1-0834-4E71-851D-22D9BDCD102E}.Ad-Hoc|ARM.Build.0 = Release|ARM
		{DBBD2AF1-0834-4E71-851D-22D9BDCD102E}.Ad-Hoc|ARM.Deploy.0 = Release|ARM
		{DBBD2AF1-0834-4E71-851D-22D9BDCD102E}.Ad-Hoc|iPhone.ActiveCfg = Release|x86
		{DBBD2AF1-0834-4E71-851D-22D9BDCD102E}.Ad-Hoc|iPhone.Build.0 = Release|x86
		{DBBD2AF1-0834-4E71-851D-22D9BDCD102E}.Ad-Hoc|iPhone.Deploy.0 = Release|x86
		{DBBD2AF1-0834-4E71-851D-22D9BDCD102E}.Ad-Hoc|iPhoneSimulator.ActiveCfg = Release|x86
		{DBBD2AF1-0834-4E71-851D-22D9BDCD102E}.Ad-Hoc|iPhoneSimulator.Build.0 = Release|x86
		{DBBD2AF1-0834-4E71-851D-22D9BDCD102E}.Ad-Hoc|iPhoneSimulator.Deploy.0 = Release|x86
		{DBBD2AF1-0834-4E71-851D-22D9BDCD102E}.Ad-Hoc|x64.ActiveCfg = Release|x64
		{DBBD2AF1-0834-4E71-851D-22D9BDCD102E}.Ad-Hoc|x64.Build.0 = Release|x64
		{DBBD2AF1-0834-4E71-851D-22D9BDCD102E}.Ad-Hoc|x64.Deploy.0 = Release|x64
		{DBBD2AF1-0834-4E71-851D-22D9BDCD102E}.Ad-Hoc|x86.ActiveCfg = Release|x86
		{DBBD2AF1-0834-4E71-851D-22D9BDCD102E}.Ad-Hoc|x86.Build.0 = Release|x86
		{DBBD2AF1-0834-4E71-851D-22D9BDCD102E}.Ad-Hoc|x86.Deploy.0 = Release|x86
		{DBBD2AF1-0834-4E71-851D-22D9BDCD102E}.AppStore|Any CPU.ActiveCfg = Release|x86
		{DBBD2AF1-0834-4E71-851D-22D9BDCD102E}.AppStore|Any CPU.Build.0 = Release|x86
		{DBBD2AF1-0834-4E71-851D-22D9BDCD102E}.AppStore|Any CPU.Deploy.0 = Release|x86
		{DBBD2AF1-0834-4E71-851D-22D9BDCD102E}.AppStore|ARM.ActiveCfg = Release|ARM
		{DBBD2AF1-0834-4E71-851D-22D9BDCD102E}.AppStore|ARM.Build.0 = Release|ARM
		{DBBD2AF1-0834-4E71-851D-22D9BDCD102E}.AppStore|ARM.Deploy.0 = Release|ARM
		{DBBD2AF1-0834-4E71-851D-22D9BDCD102E}.AppStore|iPhone.ActiveCfg = Release|x86
		{DBBD2AF1-0834-4E71-851D-22D9BDCD102E}.AppStore|iPhone.Build.0 = Release|x86
		{DBBD2AF1-0834-4E71-851D-22D9BDCD102E}.AppStore|iPhone.Deploy.0 = Release|x86
		{DBBD2AF1-0834-4E71-851D-22D9BDCD102E}.AppStore|iPhoneSimulator.ActiveCfg = Release|x86
		{DBBD2AF1-0834-4E71-851D-22D9BDCD102E}.AppStore|iPhoneSimulator.Build.0 = Release|x86
		{DBBD2AF1-0834-4E71-851D-22D9BDCD102E}.AppStore|iPhoneSimulator.Deploy.0 = Release|x86
		{DBBD2AF1-0834-4E71-851D-22D9BDCD102E}.AppStore|x64.ActiveCfg = Release|x64
		{DBBD2AF1-0834-4E71-851D-22D9BDCD102E}.AppStore|x64.Build.0 = Release|x64
		{DBBD2AF1-0834-4E71-851D-22D9BDCD102E}.AppStore|x64.Deploy.0 = Release|x64
		{DBBD2AF1-0834-4E71-851D-22D9BDCD102E}.AppStore|x86.ActiveCfg = Release|x86
		{DBBD2AF1-0834-4E71-851D-22D9BDCD102E}.AppStore|x86.Build.0 = Release|x86
		{DBBD2AF1-0834-4E71-851D-22D9BDCD102E}.AppStore|x86.Deploy.0 = Release|x86
		{DBBD2AF1-0834-4E71-851D-22D9BDCD102E}.Debug|Any CPU.ActiveCfg = Debug|x86
		{DBBD2AF1-0834-4E71-851D-22D9BDCD102E}.Debug|ARM.ActiveCfg = Debug|ARM
		{DBBD2AF1-0834-4E71-851D-22D9BDCD102E}.Debug|ARM.Build.0 = Debug|ARM
		{DBBD2AF1-0834-4E71-851D-22D9BDCD102E}.Debug|ARM.Deploy.0 = Debug|ARM
		{DBBD2AF1-0834-4E71-851D-22D9BDCD102E}.Debug|iPhone.ActiveCfg = Debug|x86
		{DBBD2AF1-0834-4E71-851D-22D9BDCD102E}.Debug|iPhoneSimulator.ActiveCfg = Debug|x86
		{DBBD2AF1-0834-4E71-851D-22D9BDCD102E}.Debug|x64.ActiveCfg = Debug|x64
		{DBBD2AF1-0834-4E71-851D-22D9BDCD102E}.Debug|x64.Build.0 = Debug|x64
		{DBBD2AF1-0834-4E71-851D-22D9BDCD102E}.Debug|x64.Deploy.0 = Debug|x64
		{DBBD2AF1-0834-4E71-851D-22D9BDCD102E}.Debug|x86.ActiveCfg = Debug|x86
		{DBBD2AF1-0834-4E71-851D-22D9BDCD102E}.Debug|x86.Build.0 = Debug|x86
		{DBBD2AF1-0834-4E71-851D-22D9BDCD102E}.Debug|x86.Deploy.0 = Debug|x86
		{DBBD2AF1-0834-4E71-851D-22D9BDCD102E}.Release|Any CPU.ActiveCfg = Release|x86
		{DBBD2AF1-0834-4E71-851D-22D9BDCD102E}.Release|ARM.ActiveCfg = Release|ARM
		{DBBD2AF1-0834-4E71-851D-22D9BDCD102E}.Release|ARM.Build.0 = Release|ARM
		{DBBD2AF1-0834-4E71-851D-22D9BDCD102E}.Release|ARM.Deploy.0 = Release|ARM
		{DBBD2AF1-0834-4E71-851D-22D9BDCD102E}.Release|iPhone.ActiveCfg = Release|x86
		{DBBD2AF1-0834-4E71-851D-22D9BDCD102E}.Release|iPhoneSimulator.ActiveCfg = Release|x86
		{DBBD2AF1-0834-4E71-851D-22D9BDCD102E}.Release|x64.ActiveCfg = Release|x64
		{DBBD2AF1-0834-4E71-851D-22D9BDCD102E}.Release|x64.Build.0 = Release|x64
		{DBBD2AF1-0834-4E71-851D-22D9BDCD102E}.Release|x64.Deploy.0 = Release|x64
		{DBBD2AF1-0834-4E71-851D-22D9BDCD102E}.Release|x86.ActiveCfg = Release|x86
		{DBBD2AF1-0834-4E71-851D-22D9BDCD102E}.Release|x86.Build.0 = Release|x86
		{DBBD2AF1-0834-4E71-851D-22D9BDCD102E}.Release|x86.Deploy.0 = Release|x86
		{635F29C0-6300-42E3-9748-09D74809CEA0}.Ad-Hoc|Any CPU.ActiveCfg = Release|Any CPU
		{635F29C0-6300-42E3-9748-09D74809CEA0}.Ad-Hoc|Any CPU.Build.0 = Release|Any CPU
		{635F29C0-6300-42E3-9748-09D74809CEA0}.Ad-Hoc|Any CPU.Deploy.0 = Release|Any CPU
		{635F29C0-6300-42E3-9748-09D74809CEA0}.Ad-Hoc|ARM.ActiveCfg = Release|ARM
		{635F29C0-6300-42E3-9748-09D74809CEA0}.Ad-Hoc|ARM.Build.0 = Release|ARM
		{635F29C0-6300-42E3-9748-09D74809CEA0}.Ad-Hoc|ARM.Deploy.0 = Release|ARM
		{635F29C0-6300-42E3-9748-09D74809CEA0}.Ad-Hoc|iPhone.ActiveCfg = Release|Any CPU
		{635F29C0-6300-42E3-9748-09D74809CEA0}.Ad-Hoc|iPhone.Build.0 = Release|Any CPU
		{635F29C0-6300-42E3-9748-09D74809CEA0}.Ad-Hoc|iPhone.Deploy.0 = Release|Any CPU
		{635F29C0-6300-42E3-9748-09D74809CEA0}.Ad-Hoc|iPhoneSimulator.ActiveCfg = Release|Any CPU
		{635F29C0-6300-42E3-9748-09D74809CEA0}.Ad-Hoc|iPhoneSimulator.Build.0 = Release|Any CPU
		{635F29C0-6300-42E3-9748-09D74809CEA0}.Ad-Hoc|iPhoneSimulator.Deploy.0 = Release|Any CPU
		{635F29C0-6300-42E3-9748-09D74809CEA0}.Ad-Hoc|x64.ActiveCfg = Release|x64
		{635F29C0-6300-42E3-9748-09D74809CEA0}.Ad-Hoc|x64.Build.0 = Release|x64
		{635F29C0-6300-42E3-9748-09D74809CEA0}.Ad-Hoc|x64.Deploy.0 = Release|x64
		{635F29C0-6300-42E3-9748-09D74809CEA0}.Ad-Hoc|x86.ActiveCfg = Release|x86
		{635F29C0-6300-42E3-9748-09D74809CEA0}.Ad-Hoc|x86.Build.0 = Release|x86
		{635F29C0-6300-42E3-9748-09D74809CEA0}.Ad-Hoc|x86.Deploy.0 = Release|x86
		{635F29C0-6300-42E3-9748-09D74809CEA0}.AppStore|Any CPU.ActiveCfg = Release|Any CPU
		{635F29C0-6300-42E3-9748-09D74809CEA0}.AppStore|Any CPU.Build.0 = Release|Any CPU
		{635F29C0-6300-42E3-9748-09D74809CEA0}.AppStore|Any CPU.Deploy.0 = Release|Any CPU
		{635F29C0-6300-42E3-9748-09D74809CEA0}.AppStore|ARM.ActiveCfg = Release|ARM
		{635F29C0-6300-42E3-9748-09D74809CEA0}.AppStore|ARM.Build.0 = Release|ARM
		{635F29C0-6300-42E3-9748-09D74809CEA0}.AppStore|ARM.Deploy.0 = Release|ARM
		{635F29C0-6300-42E3-9748-09D74809CEA0}.AppStore|iPhone.ActiveCfg = Release|Any CPU
		{635F29C0-6300-42E3-9748-09D74809CEA0}.AppStore|iPhone.Build.0 = Release|Any CPU
		{635F29C0-6300-42E3-9748-09D74809CEA0}.AppStore|iPhone.Deploy.0 = Release|Any CPU
		{635F29C0-6300-42E3-9748-09D74809CEA0}.AppStore|iPhoneSimulator.ActiveCfg = Release|Any CPU
		{635F29C0-6300-42E3-9748-09D74809CEA0}.AppStore|iPhoneSimulator.Build.0 = Release|Any CPU
		{635F29C0-6300-42E3-9748-09D74809CEA0}.AppStore|iPhoneSimulator.Deploy.0 = Release|Any CPU
		{635F29C0-6300-42E3-9748-09D74809CEA0}.AppStore|x64.ActiveCfg = Release|x64
		{635F29C0-6300-42E3-9748-09D74809CEA0}.AppStore|x64.Build.0 = Release|x64
		{635F29C0-6300-42E3-9748-09D74809CEA0}.AppStore|x64.Deploy.0 = Release|x64
		{635F29C0-6300-42E3-9748-09D74809CEA0}.AppStore|x86.ActiveCfg = Release|x86
		{635F29C0-6300-42E3-9748-09D74809CEA0}.AppStore|x86.Build.0 = Release|x86
		{635F29C0-6300-42E3-9748-09D74809CEA0}.AppStore|x86.Deploy.0 = Release|x86
		{635F29C0-6300-42E3-9748-09D74809CEA0}.Debug|Any CPU.ActiveCfg = Debug|Any CPU
		{635F29C0-6300-42E3-9748-09D74809CEA0}.Debug|Any CPU.Build.0 = Debug|Any CPU
		{635F29C0-6300-42E3-9748-09D74809CEA0}.Debug|Any CPU.Deploy.0 = Debug|Any CPU
		{635F29C0-6300-42E3-9748-09D74809CEA0}.Debug|ARM.ActiveCfg = Debug|ARM
		{635F29C0-6300-42E3-9748-09D74809CEA0}.Debug|ARM.Build.0 = Debug|ARM
		{635F29C0-6300-42E3-9748-09D74809CEA0}.Debug|ARM.Deploy.0 = Debug|ARM
		{635F29C0-6300-42E3-9748-09D74809CEA0}.Debug|iPhone.ActiveCfg = Debug|Any CPU
		{635F29C0-6300-42E3-9748-09D74809CEA0}.Debug|iPhone.Build.0 = Debug|Any CPU
		{635F29C0-6300-42E3-9748-09D74809CEA0}.Debug|iPhone.Deploy.0 = Debug|Any CPU
		{635F29C0-6300-42E3-9748-09D74809CEA0}.Debug|iPhoneSimulator.ActiveCfg = Debug|Any CPU
		{635F29C0-6300-42E3-9748-09D74809CEA0}.Debug|iPhoneSimulator.Build.0 = Debug|Any CPU
		{635F29C0-6300-42E3-9748-09D74809CEA0}.Debug|iPhoneSimulator.Deploy.0 = Debug|Any CPU
		{635F29C0-6300-42E3-9748-09D74809CEA0}.Debug|x64.ActiveCfg = Debug|x64
		{635F29C0-6300-42E3-9748-09D74809CEA0}.Debug|x64.Build.0 = Debug|x64
		{635F29C0-6300-42E3-9748-09D74809CEA0}.Debug|x64.Deploy.0 = Debug|x64
		{635F29C0-6300-42E3-9748-09D74809CEA0}.Debug|x86.ActiveCfg = Debug|x86
		{635F29C0-6300-42E3-9748-09D74809CEA0}.Debug|x86.Build.0 = Debug|x86
		{635F29C0-6300-42E3-9748-09D74809CEA0}.Debug|x86.Deploy.0 = Debug|x86
		{635F29C0-6300-42E3-9748-09D74809CEA0}.Release|Any CPU.ActiveCfg = Release|Any CPU
		{635F29C0-6300-42E3-9748-09D74809CEA0}.Release|Any CPU.Build.0 = Release|Any CPU
		{635F29C0-6300-42E3-9748-09D74809CEA0}.Release|Any CPU.Deploy.0 = Release|Any CPU
		{635F29C0-6300-42E3-9748-09D74809CEA0}.Release|ARM.ActiveCfg = Release|ARM
		{635F29C0-6300-42E3-9748-09D74809CEA0}.Release|ARM.Build.0 = Release|ARM
		{635F29C0-6300-42E3-9748-09D74809CEA0}.Release|ARM.Deploy.0 = Release|ARM
		{635F29C0-6300-42E3-9748-09D74809CEA0}.Release|iPhone.ActiveCfg = Release|Any CPU
		{635F29C0-6300-42E3-9748-09D74809CEA0}.Release|iPhone.Build.0 = Release|Any CPU
		{635F29C0-6300-42E3-9748-09D74809CEA0}.Release|iPhone.Deploy.0 = Release|Any CPU
		{635F29C0-6300-42E3-9748-09D74809CEA0}.Release|iPhoneSimulator.ActiveCfg = Release|Any CPU
		{635F29C0-6300-42E3-9748-09D74809CEA0}.Release|iPhoneSimulator.Build.0 = Release|Any CPU
		{635F29C0-6300-42E3-9748-09D74809CEA0}.Release|iPhoneSimulator.Deploy.0 = Release|Any CPU
		{635F29C0-6300-42E3-9748-09D74809CEA0}.Release|x64.ActiveCfg = Release|x64
		{635F29C0-6300-42E3-9748-09D74809CEA0}.Release|x64.Build.0 = Release|x64
		{635F29C0-6300-42E3-9748-09D74809CEA0}.Release|x64.Deploy.0 = Release|x64
		{635F29C0-6300-42E3-9748-09D74809CEA0}.Release|x86.ActiveCfg = Release|x86
		{635F29C0-6300-42E3-9748-09D74809CEA0}.Release|x86.Build.0 = Release|x86
		{635F29C0-6300-42E3-9748-09D74809CEA0}.Release|x86.Deploy.0 = Release|x86
	EndGlobalSection
	GlobalSection(SolutionProperties) = preSolution
		HideSolutionNode = FALSE
	EndGlobalSection
EndGlobal
